<Solution>
    <Project Path="src/CinemaHikes.TelegramBotDownloader/CinemaHikes.TelegramBotDownloader.csproj" />
    <Project Path="src\CinemaHikes.Application\CinemaHikes.Application.csproj" />
    <Project Path="src\CinemaHikes.Domain\CinemaHikes.Domain.csproj" />
    <Project Path="src\CinemaHikes.Infrastructure\CinemaHikes.Infrastructure.csproj" />
    <Project Path="src\CinemaHikes.WebApi\CinemaHikes.WebApi.csproj" />
    <Project Path="tests/CinemaHikes.Application.UnitTests/CinemaHikes.Application.UnitTests.csproj" />
    <Project Path="tests/CinemaHikes.WebApi.IntegrationTests/CinemaHikes.WebApi.IntegrationTests.csproj" />
</Solution>
